{
  "nodes": {
    "acmagn-homebrew-ratune": {
      "flake": false,
      "locked": {
        "lastModified": 1785050245,
        "narHash": "sha256-rwGf7HBD7ugtG0dozPfQmFnDQH/yWdzkEB7By2i4Wms=",
        "owner": "acmagn",
        "repo": "homebrew-ratune",
        "rev": "ba224f88dc23dbc391ec5417a2aa52324ff7ad33",
        "type": "github"
      },
      "original": {
        "owner": "acmagn",
        "repo": "homebrew-ratune",
        "type": "github"
      }
    },
    "brew-src": {
      "flake": false,
      "locked": {
        "lastModified": 1785710351,
        "narHash": "sha256-DTL5T9+HlblsnXCEdxRpEo/2NBHD3t48BS7r+PTf090=",
        "owner": "Homebrew",
        "repo": "brew",
        "rev": "7b0f22a4ab77567edef114c8dfc423fb96e2fbaa",
        "type": "github"
      },
      "original": {
        "owner": "Homebrew",
        "ref": "6.0.15",
        "repo": "brew",
        "type": "github"
      }
    },
    "chojs23-homebrew-tap": {
      "flake": false,
      "locked": {
        "lastModified": 1785858056,
        "narHash": "sha256-eSPnMml7sjlMm27T1Lf00m7ZncQ4IaYJsA1nXkxK2gY=",
        "owner": "chojs23",
        "repo": "homebrew-tap",
        "rev": "ec8fb4443572eb3efa9515f2066859a9ea724618",
        "type": "github"
      },
      "original": {
        "owner": "chojs23",
        "repo": "homebrew-tap",
        "type": "github"
      }
    },
    "darwin": {
      "inputs": {
        "nixpkgs": [
          "nixpkgs"
        ]
      },
      "locked": {
        "lastModified": 1784500460,
        "narHash": "sha256-UvORnAxTRHax7RG74W8Z2t4GvIkX6AjJ5kk0QlwZomo=",
        "owner": "LnL7",
        "repo": "nix-darwin",
        "rev": "57a3171f94705599a2499248ca5758d5eb47c0e0",
        "type": "github"
      },
      "original": {
        "owner": "LnL7",
        "ref": "master",
        "repo": "nix-darwin",
        "type": "github"
      }
    },
    "flake-utils": {
      "inputs": {
        "systems": "systems"
      },
      "locked": {
        "lastModified": 1731533236,
        "narHash": "sha256-l0KFg5HjrsfsO/JpG+r7fRrqm12kzFHyUHqHCVpMMbI=",
        "owner": "numtide",
        "repo": "flake-utils",
        "rev": "11707dc2f618dd54ca8739b309ec4fc024de578b",
        "type": "github"
      },
      "original": {
        "owner": "numtide",
        "repo": "flake-utils",
        "type": "github"
      }
    },
    "home-manager": {
      "inputs": {
        "nixpkgs": [
          "nixpkgs"
        ]
      },
      "locked": {
        "lastModified": 1784690067,
        "narHash": "sha256-t86pRs7IPs3RTMPueWvvdcxyTFrctHAv2Jl7jnjsSf8=",
        "owner": "nix-community",
        "repo": "home-manager",
        "rev": "6d8d61567802997f9ec3086b2a837e3ef31fac16",
        "type": "github"
      },
      "original": {
        "owner": "nix-community",
        "repo": "home-manager",
        "type": "github"
      }
    },
    "homebrew-bundle": {
      "flake": false,
      "locked": {
        "lastModified": 1745335228,
        "narHash": "sha256-TIKR2UgtyUmHLNZp255/vLs+1I10hXe+sciMEbAGFwE=",
        "owner": "homebrew",
        "repo": "homebrew-bundle",
        "rev": "a3265c84b232e13048ecbf6fc18a2eedfadbeb08",
        "type": "github"
      },
      "original": {
        "owner": "homebrew",
        "repo": "homebrew-bundle",
        "type": "github"
      }
    },
    "homebrew-cask": {
      "flake": false,
      "locked": {
        "lastModified": 1785885871,
        "narHash": "sha256-B+SPfJtYeoVLvSTqC76SgWwo3hw8jwTV06lV/uigv6o=",
        "owner": "homebrew",
        "repo": "homebrew-cask",
        "rev": "347d779055f3b7f89eb369250d559885e2ddc571",
        "type": "github"
      },
      "original": {
        "owner": "homebrew",
        "repo": "homebrew-cask",
        "type": "github"
      }
    },
    "homebrew-core": {
      "flake": false,
      "locked": {
        "lastModified": 1785889835,
        "narHash": "sha256-OxX6ixD3rDEfHdVP2bXiEngd3LHbvDfCNShtUjLiOjA=",
        "owner": "homebrew",
        "repo": "homebrew-core",
        "rev": "1da57c1e44f87dc8d99e4ac413442555daeb0a14",
        "type": "github"
      },
      "original": {
        "owner": "homebrew",
        "repo": "homebrew-core",
        "type": "github"
      }
    },
    "nix-homebrew": {
      "inputs": {
        "brew-src": "brew-src"
      },
      "locked": {
        "lastModified": 1785755396,
        "narHash": "sha256-Pc6J04IGpHWD56vP9UaTXEfZJ08i6UxL2Gz84iTocHo=",
        "owner": "zhaofengli-wip",
        "repo": "nix-homebrew",
        "rev": "212a0902eac8642c8e01a990c9031250d9408a74",
        "type": "github"
      },
      "original": {
        "owner": "zhaofengli-wip",
        "ref": "refs/pull/167/head",
        "repo": "nix-homebrew",
        "type": "github"
      }
    },
    "nixpkgs": {
      "locked": {
        "lastModified": 1784497964,
        "narHash": "sha256-vlHUuqAcbcH2RKmHbPiuQzbv1pnzzavXnI62RD0bqCU=",
        "owner": "nixos",
        "repo": "nixpkgs",
        "rev": "241313f4e8e508cb9b13278c2b0fa25b9ca27163",
        "type": "github"
      },
      "original": {
        "owner": "nixos",
        "ref": "nixos-unstable",
        "repo": "nixpkgs",
        "type": "github"
      }
    },
    "root": {
      "inputs": {
        "acmagn-homebrew-ratune": "acmagn-homebrew-ratune",
        "chojs23-homebrew-tap": "chojs23-homebrew-tap",
        "darwin": "darwin",
        "home-manager": "home-manager",
        "homebrew-bundle": "homebrew-bundle",
        "homebrew-cask": "homebrew-cask",
        "homebrew-core": "homebrew-core",
        "nix-homebrew": "nix-homebrew",
        "nixpkgs": "nixpkgs",
        "ssh-tresor": "ssh-tresor"
      }
    },
    "rust-overlay": {
      "inputs": {
        "nixpkgs": [
          "ssh-tresor",
          "nixpkgs"
        ]
      },
      "locked": {
        "lastModified": 1768704795,
        "narHash": "sha256-Y33TAp2BHEcuspYvcmBXXD0qdvjftv73PwyKTDOjoSY=",
        "owner": "oxalica",
        "repo": "rust-overlay",
        "rev": "4b7472a78857ac789fb26616040f55cfcbd36c6e",
        "type": "github"
      },
      "original": {
        "owner": "oxalica",
        "repo": "rust-overlay",
        "type": "github"
      }
    },
    "ssh-tresor": {
      "inputs": {
        "flake-utils": "flake-utils",
        "nixpkgs": [
          "nixpkgs"
        ],
        "rust-overlay": "rust-overlay"
      },
      "locked": {
        "lastModified": 1769829418,
        "narHash": "sha256-ALZKPUa0eHP6HwETAJ9PsAnYQjNLF6eEpo1W2fmYqwA=",
        "owner": "haraldh",
        "repo": "ssh-tresor",
        "rev": "2e1bfa29bd5ad5a60c3e0effd69851a67d455781",
        "type": "github"
      },
      "original": {
        "owner": "haraldh",
        "repo": "ssh-tresor",
        "type": "github"
      }
    },
    "systems": {
      "locked": {
        "lastModified": 1681028828,
        "narHash": "sha256-Vy1rq5AaRuLzOxct8nz4T6wlgyUR7zLU309k9mBC768=",
        "owner": "nix-systems",
        "repo": "default",
        "rev": "da67096a3b9bf56a91d16901293e51ba5b49a27e",
        "type": "github"
      },
      "original": {
        "owner": "nix-systems",
        "repo": "default",
        "type": "github"
      }
    }
  },
  "root": "root",
  "version": 7
}
