{
  "nodes": {
    "acmagn-homebrew-ratune": {
      "flake": false,
      "locked": {
        "lastModified": 1785050245,
        "narHash": "sha256-rwGf7HBD7ugtG0dozPfQmFnDQH/yWdzkEB7By2i4Wms=",
        "owner": "acmagn",
        "repo": "homebrew-ratune",
        "rev": "ba224f88dc23dbc391ec5417a2aa52324ff7ad33",
        "type": "github"
      },
      "original": {
        "owner": "acmagn",
        "repo": "homebrew-ratune",
        "type": "github"
      }
    },
    "brew-src": {
      "flake": false,
      "locked": {
        "lastModified": 1784558651,
        "narHash": "sha256-woXJ1ATKpSYRWCy46TQJjmm9XzAeZVEZw9xDfVG9NYI=",
        "owner": "Homebrew",
        "repo": "brew",
        "rev": "b48c7994b5f0eed7bef532efa63cb4e4f763887a",
        "type": "github"
      },
      "original": {
        "owner": "Homebrew",
        "ref": "6.0.12",
        "repo": "brew",
        "type": "github"
      }
    },
    "chojs23-homebrew-tap": {
      "flake": false,
      "locked": {
        "lastModified": 1785153133,
        "narHash": "sha256-4ur1iwaHkFX2XVfzl860ks6MsKd68tmxGI2J3fGBT+0=",
        "owner": "chojs23",
        "repo": "homebrew-tap",
        "rev": "505421a2a49dc7f5d946525a018a321ca07cf80c",
        "type": "github"
      },
      "original": {
        "owner": "chojs23",
        "repo": "homebrew-tap",
        "type": "github"
      }
    },
    "darwin": {
      "inputs": {
        "nixpkgs": [
          "nixpkgs"
        ]
      },
      "locked": {
        "lastModified": 1784500460,
        "narHash": "sha256-UvORnAxTRHax7RG74W8Z2t4GvIkX6AjJ5kk0QlwZomo=",
        "owner": "LnL7",
        "repo": "nix-darwin",
        "rev": "57a3171f94705599a2499248ca5758d5eb47c0e0",
        "type": "github"
      },
      "original": {
        "owner": "LnL7",
        "ref": "master",
        "repo": "nix-darwin",
        "type": "github"
      }
    },
    "home-manager": {
      "inputs": {
        "nixpkgs": [
          "nixpkgs"
        ]
      },
      "locked": {
        "lastModified": 1784690067,
        "narHash": "sha256-t86pRs7IPs3RTMPueWvvdcxyTFrctHAv2Jl7jnjsSf8=",
        "owner": "nix-community",
        "repo": "home-manager",
        "rev": "6d8d61567802997f9ec3086b2a837e3ef31fac16",
        "type": "github"
      },
      "original": {
        "owner": "nix-community",
        "repo": "home-manager",
        "type": "github"
      }
    },
    "homebrew-bundle": {
      "flake": false,
      "locked": {
        "lastModified": 1745335228,
        "narHash": "sha256-TIKR2UgtyUmHLNZp255/vLs+1I10hXe+sciMEbAGFwE=",
        "owner": "homebrew",
        "repo": "homebrew-bundle",
        "rev": "a3265c84b232e13048ecbf6fc18a2eedfadbeb08",
        "type": "github"
      },
      "original": {
        "owner": "homebrew",
        "repo": "homebrew-bundle",
        "type": "github"
      }
    },
    "homebrew-cask": {
      "flake": false,
      "locked": {
        "lastModified": 1785219049,
        "narHash": "sha256-IXiv/eKopaEOhJCCRZ3ZB3jSBFhVwmpSh30T4XlHAOg=",
        "owner": "homebrew",
        "repo": "homebrew-cask",
        "rev": "61793113bd611d63abd628e28d127deb05a19968",
        "type": "github"
      },
      "original": {
        "owner": "homebrew",
        "repo": "homebrew-cask",
        "type": "github"
      }
    },
    "homebrew-core": {
      "flake": false,
      "locked": {
        "lastModified": 1785222685,
        "narHash": "sha256-U2DEzvJFQkej8h9pDm5cvrUhRazxoHcPPvCIP4SkQJY=",
        "owner": "homebrew",
        "repo": "homebrew-core",
        "rev": "2e6fc7edd7a67ef9b2046d5ae203e0ba22d99ab7",
        "type": "github"
      },
      "original": {
        "owner": "homebrew",
        "repo": "homebrew-core",
        "type": "github"
      }
    },
    "nix-homebrew": {
      "inputs": {
        "brew-src": "brew-src"
      },
      "locked": {
        "lastModified": 1784906761,
        "narHash": "sha256-2v0H8+Ert+xbm0oliHblXTPPczuKiibBUBvRax59kxg=",
        "owner": "zhaofengli-wip",
        "repo": "nix-homebrew",
        "rev": "60623ec512406261f553d24033c8a0c53fd0b7f2",
        "type": "github"
      },
      "original": {
        "owner": "zhaofengli-wip",
        "repo": "nix-homebrew",
        "type": "github"
      }
    },
    "nixpkgs": {
      "locked": {
        "lastModified": 1784497964,
        "narHash": "sha256-vlHUuqAcbcH2RKmHbPiuQzbv1pnzzavXnI62RD0bqCU=",
        "owner": "nixos",
        "repo": "nixpkgs",
        "rev": "241313f4e8e508cb9b13278c2b0fa25b9ca27163",
        "type": "github"
      },
      "original": {
        "owner": "nixos",
        "ref": "nixos-unstable",
        "repo": "nixpkgs",
        "type": "github"
      }
    },
    "root": {
      "inputs": {
        "acmagn-homebrew-ratune": "acmagn-homebrew-ratune",
        "chojs23-homebrew-tap": "chojs23-homebrew-tap",
        "darwin": "darwin",
        "home-manager": "home-manager",
        "homebrew-bundle": "homebrew-bundle",
        "homebrew-cask": "homebrew-cask",
        "homebrew-core": "homebrew-core",
        "nix-homebrew": "nix-homebrew",
        "nixpkgs": "nixpkgs",
        "steipete-homebrew-tap": "steipete-homebrew-tap"
      }
    },
    "steipete-homebrew-tap": {
      "flake": false,
      "locked": {
        "lastModified": 1785196529,
        "narHash": "sha256-TaR6qsQ7XBwXSXMCxbG+ClzUxSpfXavUI4d0z7zzEmI=",
        "owner": "steipete",
        "repo": "homebrew-tap",
        "rev": "21e0880a355526cd7ea478ede947368bfaba02a5",
        "type": "github"
      },
      "original": {
        "owner": "steipete",
        "repo": "homebrew-tap",
        "type": "github"
      }
    }
  },
  "root": "root",
  "version": 7
}
